// !$*UTF8*$!
{
	archiveVersion = 1;
	classes = {
	};
	objectVersion = 46;
	objects = {

/* Begin PBXBuildFile section */
		0938D68E1CC8AFB40017304D /* AlipaySDK.framework in Frameworks */ = {isa = PBXBuildFile; fileRef = 0938D68D1CC8AFB40017304D /* AlipaySDK.framework */; };
		094B6CFC1CC88F670025C6FB /* RCTAlipay.h in CopyFiles */ = {isa = PBXBuildFile; fileRef = 094B6CFB1CC88F670025C6FB /* RCTAlipay.h */; };
		094B6CFE1CC88F670025C6FB /* RCTAlipay.m in Sources */ = {isa = PBXBuildFile; fileRef = 094B6CFD1CC88F670025C6FB /* RCTAlipay.m */; };
/* End PBXBuildFile section */

/* Begin PBXCopyFilesBuildPhase section */
		094B6CF61CC88F670025C6FB /* CopyFiles */ = {
			isa = PBXCopyFilesBuildPhase;
			buildActionMask = 2147483647;
			dstPath = "include/$(PRODUCT_NAME)";
			dstSubfolderSpec = 16;
			files = (
				094B6CFC1CC88F670025C6FB /* RCTAlipay.h in CopyFiles */,
			);
			runOnlyForDeploymentPostprocessing = 0;
		};
/* End PBXCopyFilesBuildPhase section */

/* Begin PBXFileReference section */
		0938D68C1CC8AFB40017304D /* AlipaySDK.bundle */ = {isa = PBXFileReference; lastKnownFileType = "wrapper.plug-in"; name = AlipaySDK.bundle; path = SDK/AlipaySDK.bundle; sourceTree = "<group>"; };
		0938D68D1CC8AFB40017304D /* AlipaySDK.framework */ = {isa = PBXFileReference; lastKnownFileType = wrapper.framework; name = AlipaySDK.framework; path = SDK/AlipaySDK.framework; sourceTree = "<group>"; };
		094B6CF81CC88F670025C6FB /* libRCTAlipay.a */ = {isa = PBXFileReference; explicitFileType = archive.ar; includeInIndex = 0; path = libRCTAlipay.a; sourceTree = BUILT_PRODUCTS_DIR; };
		094B6CFB1CC88F670025C6FB /* RCTAlipay.h */ = {isa = PBXFileReference; lastKnownFileType = sourcecode.c.h; path = RCTAlipay.h; sourceTree = "<group>"; };
		094B6CFD1CC88F670025C6FB /* RCTAlipay.m */ = {isa = PBXFileReference; lastKnownFileType = sourcecode.c.objc; path = RCTAlipay.m; sourceTree = "<group>"; };
/* End PBXFileReference section */

/* Begin PBXFrameworksBuildPhase section */
		094B6CF51CC88F670025C6FB /* Frameworks */ = {
			isa = PBXFrameworksBuildPhase;
			buildActionMask = 2147483647;
			files = (
				0938D68E1CC8AFB40017304D /* AlipaySDK.framework in Frameworks */,
			);
			runOnlyForDeploymentPostprocessing = 0;
		};
/* End PBXFrameworksBuildPhase section */

/* Begin PBXGroup section */
		0938D68B1CC8AFAC0017304D /* SDK */ = {
			isa = PBXGroup;
			children = (
				0938D68C1CC8AFB40017304D /* AlipaySDK.bundle */,
				0938D68D1CC8AFB40017304D /* AlipaySDK.framework */,
			);
			name = SDK;
			sourceTree = "<group>";
		};
		094B6CEF1CC88F670025C6FB = {
			isa = PBXGroup;
			children = (
				0938D68B1CC8AFAC0017304D /* SDK */,
				094B6CFA1CC88F670025C6FB /* RCTAlipay */,
				094B6CF91CC88F670025C6FB /* Products */,
			);
			sourceTree = "<group>";
		};
		094B6CF91CC88F670025C6FB /* Products */ = {
			isa = PBXGroup;
			children = (
				094B6CF81CC88F670025C6FB /* libRCTAlipay.a */,
			);
			name = Products;
			sourceTree = "<group>";
		};
		094B6CFA1CC88F670025C6FB /* RCTAlipay */ = {
			isa = PBXGroup;
			children = (
				094B6CFB1CC88F670025C6FB /* RCTAlipay.h */,
				094B6CFD1CC88F670025C6FB /* RCTAlipay.m */,
			);
			path = RCTAlipay;
			sourceTree = "<group>";
		};
/* End PBXGroup section */

/* Begin PBXNativeTarget section */
		094B6CF71CC88F670025C6FB /* RCTAlipay */ = {
			isa = PBXNativeTarget;
			buildConfigurationList = 094B6D011CC88F670025C6FB /* Build configuration list for PBXNativeTarget "RCTAlipay" */;
			buildPhases = (
				094B6CF41CC88F670025C6FB /* Sources */,
				094B6CF51CC88F670025C6FB /* Frameworks */,
				094B6CF61CC88F670025C6FB /* CopyFiles */,
			);
			buildRules = (
			);
			dependencies = (
			);
			name = RCTAlipay;
			productName = RCTAlipay;
			productReference = 094B6CF81CC88F670025C6FB /* libRCTAlipay.a */;
			productType = "com.apple.product-type.library.static";
		};
/* End PBXNativeTarget section */

/* Begin PBXProject section */
		094B6CF01CC88F670025C6FB /* Project object */ = {
			isa = PBXProject;
			attributes = {
				LastUpgradeCheck = 0730;
				ORGANIZATIONNAME = DengYun;
				TargetAttributes = {
					094B6CF71CC88F670025C6FB = {
						CreatedOnToolsVersion = 7.3;
					};
				};
			};
			buildConfigurationList = 094B6CF31CC88F670025C6FB /* Build configuration list for PBXProject "RCTAlipay" */;
			compatibilityVersion = "Xcode 3.2";
			developmentRegion = English;
			hasScannedForEncodings = 0;
			knownRegions = (
				en,
			);
			mainGroup = 094B6CEF1CC88F670025C6FB;
			productRefGroup = 094B6CF91CC88F670025C6FB /* Products */;
			projectDirPath = "";
			projectRoot = "";
			targets = (
				094B6CF71CC88F670025C6FB /* RCTAlipay */,
			);
		};
/* End PBXProject section */

/* Begin PBXSourcesBuildPhase section */
		094B6CF41CC88F670025C6FB /* Sources */ = {
			isa = PBXSourcesBuildPhase;
			buildActionMask = 2147483647;
			files = (
				094B6CFE1CC88F670025C6FB /* RCTAlipay.m in Sources */,
			);
			runOnlyForDeploymentPostprocessing = 0;
		};
/* End PBXSourcesBuildPhase section */

/* Begin XCBuildConfiguration section */
		094B6CFF1CC88F670025C6FB /* Debug */ = {
			isa = XCBuildConfiguration;
			buildSettings = {
				ALWAYS_SEARCH_USER_PATHS = NO;
				CLANG_ANALYZER_NONNULL = YES;
				CLANG_CXX_LANGUAGE_STANDARD = "gnu++0x";
				CLANG_CXX_LIBRARY = "libc++";
				CLANG_ENABLE_MODULES = YES;
				CLANG_ENABLE_OBJC_ARC = YES;
				CLANG_WARN_BOOL_CONVERSION = YES;
				CLANG_WARN_CONSTANT_CONVERSION = YES;
				CLANG_WARN_DIRECT_OBJC_ISA_USAGE = YES_ERROR;
				CLANG_WARN_EMPTY_BODY = YES;
				CLANG_WARN_ENUM_CONVERSION = YES;
				CLANG_WARN_INT_CONVERSION = YES;
				CLANG_WARN_OBJC_ROOT_CLASS = YES_ERROR;
				CLANG_WARN_UNREACHABLE_CODE = YES;
				CLANG_WARN__DUPLICATE_METHOD_MATCH = YES;
				"CODE_SIGN_IDENTITY[sdk=iphoneos*]" = "iPhone Developer";
				COPY_PHASE_STRIP = NO;
				DEBUG_INFORMATION_FORMAT = dwarf;
				ENABLE_STRICT_OBJC_MSGSEND = YES;
				ENABLE_TESTABILITY = YES;
				GCC_C_LANGUAGE_STANDARD = gnu99;
				GCC_DYNAMIC_NO_PIC = NO;
				GCC_NO_COMMON_BLOCKS = YES;
				GCC_OPTIMIZATION_LEVEL = 0;
				GCC_PREPROCESSOR_DEFINITIONS = (
					"DEBUG=1",
					"$(inherited)",
				);
				GCC_WARN_64_TO_32_BIT_CONVERSION = YES;
				GCC_WARN_ABOUT_RETURN_TYPE = YES_ERROR;
				GCC_WARN_UNDECLARED_SELECTOR = YES;
				GCC_WARN_UNINITIALIZED_AUTOS = YES_AGGRESSIVE;
				GCC_WARN_UNUSED_FUNCTION = YES;
				GCC_WARN_UNUSED_VARIABLE = YES;
				IPHONEOS_DEPLOYMENT_TARGET = 9.3;
				MTL_ENABLE_DEBUG_INFO = YES;
				ONLY_ACTIVE_ARCH = YES;
				SDKROOT = iphoneos;
			};
			name = Debug;
		};
		094B6D001CC88F670025C6FB /* Release */ = {
			isa = XCBuildConfiguration;
			buildSettings = {
				ALWAYS_SEARCH_USER_PATHS = NO;
				CLANG_ANALYZER_NONNULL = YES;
				CLANG_CXX_LANGUAGE_STANDARD = "gnu++0x";
				CLANG_CXX_LIBRARY = "libc++";
				CLANG_ENABLE_MODULES = YES;
				CLANG_ENABLE_OBJC_ARC = YES;
				CLANG_WARN_BOOL_CONVERSION = YES;
				CLANG_WARN_CONSTANT_CONVERSION = YES;
				CLANG_WARN_DIRECT_OBJC_ISA_USAGE = YES_ERROR;
				CLANG_WARN_EMPTY_BODY = YES;
				CLANG_WARN_ENUM_CONVERSION = YES;
				CLANG_WARN_INT_CONVERSION = YES;
				CLANG_WARN_OBJC_ROOT_CLASS = YES_ERROR;
				CLANG_WARN_UNREACHABLE_CODE = YES;
				CLANG_WARN__DUPLICATE_METHOD_MATCH = YES;
				"CODE_SIGN_IDENTITY[sdk=iphoneos*]" = "iPhone Developer";
				COPY_PHASE_STRIP = NO;
				DEBUG_INFORMATION_FORMAT = "dwarf-with-dsym";
				ENABLE_NS_ASSERTIONS = NO;
				ENABLE_STRICT_OBJC_MSGSEND = YES;
				GCC_C_LANGUAGE_STANDARD = gnu99;
				GCC_NO_COMMON_BLOCKS = YES;
				GCC_WARN_64_TO_32_BIT_CONVERSION = YES;
				GCC_WARN_ABOUT_RETURN_TYPE = YES_ERROR;
				GCC_WARN_UNDECLARED_SELECTOR = YES;
				GCC_WARN_UNINITIALIZED_AUTOS = YES_AGGRESSIVE;
				GCC_WARN_UNUSED_FUNCTION = YES;
				GCC_WARN_UNUSED_VARIABLE = YES;
				IPHONEOS_DEPLOYMENT_TARGET = 9.3;
				MTL_ENABLE_DEBUG_INFO = NO;
				SDKROOT = iphoneos;
				VALIDATE_PRODUCT = YES;
			};
			name = Release;
		};
		094B6D021CC88F670025C6FB /* Debug */ = {
			isa = XCBuildConfiguration;
			buildSettings = {
				FRAMEWORK_SEARCH_PATHS = (
					"$(inherited)",
					"$(PROJECT_DIR)/SDK",
				);
				HEADER_SEARCH_PATHS = "$(SRCROOT)/../../react-native/React/**";
				IPHONEOS_DEPLOYMENT_TARGET = 8.0;
				OTHER_LDFLAGS = "-ObjC";
				PRODUCT_NAME = "$(TARGET_NAME)";
				SKIP_INSTALL = YES;
			};
			name = Debug;
		};
		094B6D031CC88F670025C6FB /* Release */ = {
			isa = XCBuildConfiguration;
			buildSettings = {
				FRAMEWORK_SEARCH_PATHS = (
					"$(inherited)",
					"$(PROJECT_DIR)/SDK",
				);
				HEADER_SEARCH_PATHS = "$(SRCROOT)/../../react-native/React/**";
				IPHONEOS_DEPLOYMENT_TARGET = 8.0;
				OTHER_LDFLAGS = "-ObjC";
				PRODUCT_NAME = "$(TARGET_NAME)";
				SKIP_INSTALL = YES;
			};
			name = Release;
		};
/* End XCBuildConfiguration section */

/* Begin XCConfigurationList section */
		094B6CF31CC88F670025C6FB /* Build configuration list for PBXProject "RCTAlipay" */ = {
			isa = XCConfigurationList;
			buildConfigurations = (
				094B6CFF1CC88F670025C6FB /* Debug */,
				094B6D001CC88F670025C6FB /* Release */,
			);
			defaultConfigurationIsVisible = 0;
			defaultConfigurationName = Release;
		};
		094B6D011CC88F670025C6FB /* Build configuration list for PBXNativeTarget "RCTAlipay" */ = {
			isa = XCConfigurationList;
			buildConfigurations = (
				094B6D021CC88F670025C6FB /* Debug */,
				094B6D031CC88F670025C6FB /* Release */,
			);
			defaultConfigurationIsVisible = 0;
			defaultConfigurationName = Release;
		};
/* End XCConfigurationList section */
	};
	rootObject = 094B6CF01CC88F670025C6FB /* Project object */;
}
